
Microsoft Visual Studio Solution File, Format Version 12.00
# Visual Studio 2012
Project("{FAE04EC0-301F-11D3-BF4B-00C04F79EFBC}") = "BlaChat", "BlaChat\BlaChat.csproj", "{9F71E582-78A6-4E8C-B75D-0911F8962119}"
EndProject
Global
	GlobalSection(SolutionConfigurationPlatforms) = preSolution
		Debug|Any CPU = Debug|Any CPU
		Release|Any CPU = Release|Any CPU
	EndGlobalSection
	GlobalSection(ProjectConfigurationPlatforms) = postSolution
		{9F71E582-78A6-4E8C-B75D-0911F8962119}.Debug|Any CPU.ActiveCfg = Debug|Any CPU
		{9F71E582-78A6-4E8C-B75D-0911F8962119}.Debug|Any CPU.Build.0 = Debug|Any CPU
		{9F71E582-78A6-4E8C-B75D-0911F8962119}.Release|Any CPU.ActiveCfg = Release|Any CPU
		{9F71E582-78A6-4E8C-B75D-0911F8962119}.Release|Any CPU.Build.0 = Release|Any CPU
	EndGlobalSection
EndGlobal
